github.com/jlaffaye/ftp v0.0.0-20181101112434-47f21d10f0ee h1:oCvgfeGIc6GipidJVyG0Hd9R/w6TO8bBYyJg15ZgJkw=
github.com/jlaffaye/ftp v0.0.0-20181101112434-47f21d10f0ee/go.mod h1:lli8NYPQOFy3O++YmYbqVgOcQ1JPCwdOy+5zSjKJ9qY=
github.com/worldiety/vfs v0.0.6 h1:Khl1N6Uvf2n38CCj5kiGrD9toc8PvK61mkBGrsHxNik=
github.com/worldiety/vfs v0.0.6/go.mod h1:cTFLWfKja+5NkdWYjc3gnYUadYNDSQM+XhqBaJ82eX0=
